
Microsoft Visual Studio Solution File, Format Version 12.00
# Visual Studio Version 17
VisualStudioVersion = 17.14.36221.1 d17.14
MinimumVisualStudioVersion = 10.0.40219.1
Project("{FAE04EC0-301F-11D3-BF4B-00C04F79EFBC}") = "MiniCaixaEletronico", "MiniCaixaEletronico\MiniCaixaEletronico.csproj", "{FB9F73D2-283E-460C-AC10-16FF923C7253}"
EndProject
Global
	GlobalSection(SolutionConfigurationPlatforms) = preSolution
		Debug|Any CPU = Debug|Any CPU
		Release|Any CPU = Release|Any CPU
	EndGlobalSection
	GlobalSection(ProjectConfigurationPlatforms) = postSolution
		{FB9F73D2-283E-460C-AC10-16FF923C7253}.Debug|Any CPU.ActiveCfg = Debug|Any CPU
		{FB9F73D2-283E-460C-AC10-16FF923C7253}.Debug|Any CPU.Build.0 = Debug|Any CPU
		{FB9F73D2-283E-460C-AC10-16FF923C7253}.Release|Any CPU.ActiveCfg = Release|Any CPU
		{FB9F73D2-283E-460C-AC10-16FF923C7253}.Release|Any CPU.Build.0 = Release|Any CPU
	EndGlobalSection
	GlobalSection(SolutionProperties) = preSolution
		HideSolutionNode = FALSE
	EndGlobalSection
	GlobalSection(ExtensibilityGlobals) = postSolution
		SolutionGuid = {1FDDB676-CCB3-40E5-BBE1-F710DDF56EF1}
	EndGlobalSection
EndGlobal
