
Microsoft Visual Studio Solution File, Format Version 12.00
# Visual Studio Version 17
VisualStudioVersion = 17.14.36221.1 d17.14
MinimumVisualStudioVersion = 10.0.40219.1
Project("{FAE04EC0-301F-11D3-BF4B-00C04F79EFBC}") = "MinhaApi", "MinhaApi\MinhaApi.csproj", "{CCA412C2-A9B7-4E7D-BB00-6A951E2F278C}"
EndProject
Global
	GlobalSection(SolutionConfigurationPlatforms) = preSolution
		Debug|Any CPU = Debug|Any CPU
		Release|Any CPU = Release|Any CPU
	EndGlobalSection
	GlobalSection(ProjectConfigurationPlatforms) = postSolution
		{CCA412C2-A9B7-4E7D-BB00-6A951E2F278C}.Debug|Any CPU.ActiveCfg = Debug|Any CPU
		{CCA412C2-A9B7-4E7D-BB00-6A951E2F278C}.Debug|Any CPU.Build.0 = Debug|Any CPU
		{CCA412C2-A9B7-4E7D-BB00-6A951E2F278C}.Release|Any CPU.ActiveCfg = Release|Any CPU
		{CCA412C2-A9B7-4E7D-BB00-6A951E2F278C}.Release|Any CPU.Build.0 = Release|Any CPU
	EndGlobalSection
	GlobalSection(SolutionProperties) = preSolution
		HideSolutionNode = FALSE
	EndGlobalSection
	GlobalSection(ExtensibilityGlobals) = postSolution
		SolutionGuid = {B0E18C64-C517-4A99-81DF-C5A1B9E04447}
	EndGlobalSection
EndGlobal
